// !$*UTF8*$!
{
	archiveVersion = 1;
	classes = {
	};
	objectVersion = 46;
	objects = {

/* Begin PBXBuildFile section */
		F8DCDE6D19F3E87C003AC85B /* AppDelegate.swift in Sources */ = {isa = PBXBuildFile; fileRef = F8DCDE6C19F3E87C003AC85B /* AppDelegate.swift */; };
		F8DCDE6F19F3E87C003AC85B /* ViewController.swift in Sources */ = {isa = PBXBuildFile; fileRef = F8DCDE6E19F3E87C003AC85B /* ViewController.swift */; };
		F8DCDE7219F3E87C003AC85B /* Main.storyboard in Resources */ = {isa = PBXBuildFile; fileRef = F8DCDE7019F3E87C003AC85B /* Main.storyboard */; };
		F8DCDE7419F3E87C003AC85B /* Images.xcassets in Resources */ = {isa = PBXBuildFile; fileRef = F8DCDE7319F3E87C003AC85B /* Images.xcassets */; };
		F8DCDE7719F3E87C003AC85B /* LaunchScreen.xib in Resources */ = {isa = PBXBuildFile; fileRef = F8DCDE7519F3E87C003AC85B /* LaunchScreen.xib */; };
		F8DCDE8319F3E87C003AC85B /* FortunaTests.swift in Sources */ = {isa = PBXBuildFile; fileRef = F8DCDE8219F3E87C003AC85B /* FortunaTests.swift */; };
/* End PBXBuildFile section */

/* Begin PBXContainerItemProxy section */
		F8DCDE7D19F3E87C003AC85B /* PBXContainerItemProxy */ = {
			isa = PBXContainerItemProxy;
			containerPortal = F8DCDE5F19F3E87C003AC85B /* Project object */;
			proxyType = 1;
			remoteGlobalIDString = F8DCDE6619F3E87C003AC85B;
			remoteInfo = Fortuna;
		};
/* End PBXContainerItemProxy section */

/* Begin PBXFileReference section */
		F8DCDE6719F3E87C003AC85B /* Fortuna.app */ = {isa = PBXFileReference; explicitFileType = wrapper.application; includeInIndex = 0; path = Fortuna.app; sourceTree = BUILT_PRODUCTS_DIR; };
		F8DCDE6B19F3E87C003AC85B /* Info.plist */ = {isa = PBXFileReference; lastKnownFileType = text.plist.xml; path = Info.plist; sourceTree = "<group>"; };
		F8DCDE6C19F3E87C003AC85B /* AppDelegate.swift */ = {isa = PBXFileReference; lastKnownFileType = sourcecode.swift; path = AppDelegate.swift; sourceTree = "<group>"; };
		F8DCDE6E19F3E87C003AC85B /* ViewController.swift */ = {isa = PBXFileReference; lastKnownFileType = sourcecode.swift; path = ViewController.swift; sourceTree = "<group>"; };
		F8DCDE7119F3E87C003AC85B /* Base */ = {isa = PBXFileReference; lastKnownFileType = file.storyboard; name = Base; path = Base.lproj/Main.storyboard; sourceTree = "<group>"; };
		F8DCDE7319F3E87C003AC85B /* Images.xcassets */ = {isa = PBXFileReference; lastKnownFileType = folder.assetcatalog; path = Images.xcassets; sourceTree = "<group>"; };
		F8DCDE7619F3E87C003AC85B /* Base */ = {isa = PBXFileReference; lastKnownFileType = file.xib; name = Base; path = Base.lproj/LaunchScreen.xib; sourceTree = "<group>"; };
		F8DCDE7C19F3E87C003AC85B /* FortunaTests.xctest */ = {isa = PBXFileReference; explicitFileType = wrapper.cfbundle; includeInIndex = 0; path = FortunaTests.xctest; sourceTree = BUILT_PRODUCTS_DIR; };
		F8DCDE8119F3E87C003AC85B /* Info.plist */ = {isa = PBXFileReference; lastKnownFileType = text.plist.xml; path = Info.plist; sourceTree = "<group>"; };
		F8DCDE8219F3E87C003AC85B /* FortunaTests.swift */ = {isa = PBXFileReference; lastKnownFileType = sourcecode.swift; path = FortunaTests.swift; sourceTree = "<group>"; };
/* End PBXFileReference section */

/* Begin PBXFrameworksBuildPhase section */
		F8DCDE6419F3E87C003AC85B /* Frameworks */ = {
			isa = PBXFrameworksBuildPhase;
			buildActionMask = 2147483647;
			files = (
			);
			runOnlyForDeploymentPostprocessing = 0;
		};
		F8DCDE7919F3E87C003AC85B /* Frameworks */ = {
			isa = PBXFrameworksBuildPhase;
			buildActionMask = 2147483647;
			files = (
			);
			runOnlyForDeploymentPostprocessing = 0;
		};
/* End PBXFrameworksBuildPhase section */

/* Begin PBXGroup section */
		F8DCDE5E19F3E87C003AC85B = {
			isa = PBXGroup;
			children = (
				F8DCDE6919F3E87C003AC85B /* Fortuna */,
				F8DCDE7F19F3E87C003AC85B /* FortunaTests */,
				F8DCDE6819F3E87C003AC85B /* Products */,
			);
			sourceTree = "<group>";
		};
		F8DCDE6819F3E87C003AC85B /* Products */ = {
			isa = PBXGroup;
			children = (
				F8DCDE6719F3E87C003AC85B /* Fortuna.app */,
				F8DCDE7C19F3E87C003AC85B /* FortunaTests.xctest */,
			);
			name = Products;
			sourceTree = "<group>";
		};
		F8DCDE6919F3E87C003AC85B /* Fortuna */ = {
			isa = PBXGroup;
			children = (
				F8DCDE6C19F3E87C003AC85B /* AppDelegate.swift */,
				F8DCDE6E19F3E87C003AC85B /* ViewController.swift */,
				F8DCDE7019F3E87C003AC85B /* Main.storyboard */,
				F8DCDE7319F3E87C003AC85B /* Images.xcassets */,
				F8DCDE7519F3E87C003AC85B /* LaunchScreen.xib */,
				F8DCDE6A19F3E87C003AC85B /* Supporting Files */,
			);
			path = Fortuna;
			sourceTree = "<group>";
		};
		F8DCDE6A19F3E87C003AC85B /* Supporting Files */ = {
			isa = PBXGroup;
			children = (
				F8DCDE6B19F3E87C003AC85B /* Info.plist */,
			);
			name = "Supporting Files";
			sourceTree = "<group>";
		};
		F8DCDE7F19F3E87C003AC85B /* FortunaTests */ = {
			isa = PBXGroup;
			children = (
				F8DCDE8219F3E87C003AC85B /* FortunaTests.swift */,
				F8DCDE8019F3E87C003AC85B /* Supporting Files */,
			);
			path = FortunaTests;
			sourceTree = "<group>";
		};
		F8DCDE8019F3E87C003AC85B /* Supporting Files */ = {
			isa = PBXGroup;
			children = (
				F8DCDE8119F3E87C003AC85B /* Info.plist */,
			);
			name = "Supporting Files";
			sourceTree = "<group>";
		};
/* End PBXGroup section */

/* Begin PBXNativeTarget section */
		F8DCDE6619F3E87C003AC85B /* Fortuna */ = {
			isa = PBXNativeTarget;
			buildConfigurationList = F8DCDE8619F3E87C003AC85B /* Build configuration list for PBXNativeTarget "Fortuna" */;
			buildPhases = (
				F8DCDE6319F3E87C003AC85B /* Sources */,
				F8DCDE6419F3E87C003AC85B /* Frameworks */,
				F8DCDE6519F3E87C003AC85B /* Resources */,
			);
			buildRules = (
			);
			dependencies = (
			);
			name = Fortuna;
			productName = Fortuna;
			productReference = F8DCDE6719F3E87C003AC85B /* Fortuna.app */;
			productType = "com.apple.product-type.application";
		};
		F8DCDE7B19F3E87C003AC85B /* FortunaTests */ = {
			isa = PBXNativeTarget;
			buildConfigurationList = F8DCDE8919F3E87C003AC85B /* Build configuration list for PBXNativeTarget "FortunaTests" */;
			buildPhases = (
				F8DCDE7819F3E87C003AC85B /* Sources */,
				F8DCDE7919F3E87C003AC85B /* Frameworks */,
				F8DCDE7A19F3E87C003AC85B /* Resources */,
			);
			buildRules = (
			);
			dependencies = (
				F8DCDE7E19F3E87C003AC85B /* PBXTargetDependency */,
			);
			name = FortunaTests;
			productName = FortunaTests;
			productReference = F8DCDE7C19F3E87C003AC85B /* FortunaTests.xctest */;
			productType = "com.apple.product-type.bundle.unit-test";
		};
/* End PBXNativeTarget section */

/* Begin PBXProject section */
		F8DCDE5F19F3E87C003AC85B /* Project object */ = {
			isa = PBXProject;
			attributes = {
				LastUpgradeCheck = 0610;
				ORGANIZATIONNAME = walkingway;
				TargetAttributes = {
					F8DCDE6619F3E87C003AC85B = {
						CreatedOnToolsVersion = 6.1;
					};
					F8DCDE7B19F3E87C003AC85B = {
						CreatedOnToolsVersion = 6.1;
						TestTargetID = F8DCDE6619F3E87C003AC85B;
					};
				};
			};
			buildConfigurationList = F8DCDE6219F3E87C003AC85B /* Build configuration list for PBXProject "Fortuna" */;
			compatibilityVersion = "Xcode 3.2";
			developmentRegion = English;
			hasScannedForEncodings = 0;
			knownRegions = (
				en,
				Base,
			);
			mainGroup = F8DCDE5E19F3E87C003AC85B;
			productRefGroup = F8DCDE6819F3E87C003AC85B /* Products */;
			projectDirPath = "";
			projectRoot = "";
			targets = (
				F8DCDE6619F3E87C003AC85B /* Fortuna */,
				F8DCDE7B19F3E87C003AC85B /* FortunaTests */,
			);
		};
/* End PBXProject section */

/* Begin PBXResourcesBuildPhase section */
		F8DCDE6519F3E87C003AC85B /* Resources */ = {
			isa = PBXResourcesBuildPhase;
			buildActionMask = 2147483647;
			files = (
				F8DCDE7219F3E87C003AC85B /* Main.storyboard in Resources */,
				F8DCDE7719F3E87C003AC85B /* LaunchScreen.xib in Resources */,
				F8DCDE7419F3E87C003AC85B /* Images.xcassets in Resources */,
			);
			runOnlyForDeploymentPostprocessing = 0;
		};
		F8DCDE7A19F3E87C003AC85B /* Resources */ = {
			isa = PBXResourcesBuildPhase;
			buildActionMask = 2147483647;
			files = (
			);
			runOnlyForDeploymentPostprocessing = 0;
		};
/* End PBXResourcesBuildPhase section */

/* Begin PBXSourcesBuildPhase section */
		F8DCDE6319F3E87C003AC85B /* Sources */ = {
			isa = PBXSourcesBuildPhase;
			buildActionMask = 2147483647;
			files = (
				F8DCDE6F19F3E87C003AC85B /* ViewController.swift in Sources */,
				F8DCDE6D19F3E87C003AC85B /* AppDelegate.swift in Sources */,
			);
			runOnlyForDeploymentPostprocessing = 0;
		};
		F8DCDE7819F3E87C003AC85B /* Sources */ = {
			isa = PBXSourcesBuildPhase;
			buildActionMask = 2147483647;
			files = (
				F8DCDE8319F3E87C003AC85B /* FortunaTests.swift in Sources */,
			);
			runOnlyForDeploymentPostprocessing = 0;
		};
/* End PBXSourcesBuildPhase section */

/* Begin PBXTargetDependency section */
		F8DCDE7E19F3E87C003AC85B /* PBXTargetDependency */ = {
			isa = PBXTargetDependency;
			target = F8DCDE6619F3E87C003AC85B /* Fortuna */;
			targetProxy = F8DCDE7D19F3E87C003AC85B /* PBXContainerItemProxy */;
		};
/* End PBXTargetDependency section */

/* Begin PBXVariantGroup section */
		F8DCDE7019F3E87C003AC85B /* Main.storyboard */ = {
			isa = PBXVariantGroup;
			children = (
				F8DCDE7119F3E87C003AC85B /* Base */,
			);
			name = Main.storyboard;
			sourceTree = "<group>";
		};
		F8DCDE7519F3E87C003AC85B /* LaunchScreen.xib */ = {
			isa = PBXVariantGroup;
			children = (
				F8DCDE7619F3E87C003AC85B /* Base */,
			);
			name = LaunchScreen.xib;
			sourceTree = "<group>";
		};
/* End PBXVariantGroup section */

/* Begin XCBuildConfiguration section */
		F8DCDE8419F3E87C003AC85B /* Debug */ = {
			isa = XCBuildConfiguration;
			buildSettings = {
				ALWAYS_SEARCH_USER_PATHS = NO;
				CLANG_CXX_LANGUAGE_STANDARD = "gnu++0x";
				CLANG_CXX_LIBRARY = "libc++";
				CLANG_ENABLE_MODULES = YES;
				CLANG_ENABLE_OBJC_ARC = YES;
				CLANG_WARN_BOOL_CONVERSION = YES;
				CLANG_WARN_CONSTANT_CONVERSION = YES;
				CLANG_WARN_DIRECT_OBJC_ISA_USAGE = YES_ERROR;
				CLANG_WARN_EMPTY_BODY = YES;
				CLANG_WARN_ENUM_CONVERSION = YES;
				CLANG_WARN_INT_CONVERSION = YES;
				CLANG_WARN_OBJC_ROOT_CLASS = YES_ERROR;
				CLANG_WARN_UNREACHABLE_CODE = YES;
				CLANG_WARN__DUPLICATE_METHOD_MATCH = YES;
				"CODE_SIGN_IDENTITY[sdk=iphoneos*]" = "iPhone Developer";
				COPY_PHASE_STRIP = NO;
				ENABLE_STRICT_OBJC_MSGSEND = YES;
				GCC_C_LANGUAGE_STANDARD = gnu99;
				GCC_DYNAMIC_NO_PIC = NO;
				GCC_OPTIMIZATION_LEVEL = 0;
				GCC_PREPROCESSOR_DEFINITIONS = (
					"DEBUG=1",
					"$(inherited)",
				);
				GCC_SYMBOLS_PRIVATE_EXTERN = NO;
				GCC_WARN_64_TO_32_BIT_CONVERSION = YES;
				GCC_WARN_ABOUT_RETURN_TYPE = YES_ERROR;
				GCC_WARN_UNDECLARED_SELECTOR = YES;
				GCC_WARN_UNINITIALIZED_AUTOS = YES_AGGRESSIVE;
				GCC_WARN_UNUSED_FUNCTION = YES;
				GCC_WARN_UNUSED_VARIABLE = YES;
				IPHONEOS_DEPLOYMENT_TARGET = 8.1;
				MTL_ENABLE_DEBUG_INFO = YES;
				ONLY_ACTIVE_ARCH = YES;
				SDKROOT = iphoneos;
				SWIFT_OPTIMIZATION_LEVEL = "-Onone";
			};
			name = Debug;
		};
		F8DCDE8519F3E87C003AC85B /* Release */ = {
			isa = XCBuildConfiguration;
			buildSettings = {
				ALWAYS_SEARCH_USER_PATHS = NO;
				CLANG_CXX_LANGUAGE_STANDARD = "gnu++0x";
				CLANG_CXX_LIBRARY = "libc++";
				CLANG_ENABLE_MODULES = YES;
				CLANG_ENABLE_OBJC_ARC = YES;
				CLANG_WARN_BOOL_CONVERSION = YES;
				CLANG_WARN_CONSTANT_CONVERSION = YES;
				CLANG_WARN_DIRECT_OBJC_ISA_USAGE = YES_ERROR;
				CLANG_WARN_EMPTY_BODY = YES;
				CLANG_WARN_ENUM_CONVERSION = YES;
				CLANG_WARN_INT_CONVERSION = YES;
				CLANG_WARN_OBJC_ROOT_CLASS = YES_ERROR;
				CLANG_WARN_UNREACHABLE_CODE = YES;
				CLANG_WARN__DUPLICATE_METHOD_MATCH = YES;
				"CODE_SIGN_IDENTITY[sdk=iphoneos*]" = "iPhone Developer";
				COPY_PHASE_STRIP = YES;
				ENABLE_NS_ASSERTIONS = NO;
				ENABLE_STRICT_OBJC_MSGSEND = YES;
				GCC_C_LANGUAGE_STANDARD = gnu99;
				GCC_WARN_64_TO_32_BIT_CONVERSION = YES;
				GCC_WARN_ABOUT_RETURN_TYPE = YES_ERROR;
				GCC_WARN_UNDECLARED_SELECTOR = YES;
				GCC_WARN_UNINITIALIZED_AUTOS = YES_AGGRESSIVE;
				GCC_WARN_UNUSED_FUNCTION = YES;
				GCC_WARN_UNUSED_VARIABLE = YES;
				IPHONEOS_DEPLOYMENT_TARGET = 8.1;
				MTL_ENABLE_DEBUG_INFO = NO;
				SDKROOT = iphoneos;
				VALIDATE_PRODUCT = YES;
			};
			name = Release;
		};
		F8DCDE8719F3E87C003AC85B /* Debug */ = {
			isa = XCBuildConfiguration;
			buildSettings = {
				ASSETCATALOG_COMPILER_APPICON_NAME = AppIcon;
				INFOPLIST_FILE = Fortuna/Info.plist;
				LD_RUNPATH_SEARCH_PATHS = "$(inherited) @executable_path/Frameworks";
				PRODUCT_NAME = "$(TARGET_NAME)";
			};
			name = Debug;
		};
		F8DCDE8819F3E87C003AC85B /* Release */ = {
			isa = XCBuildConfiguration;
			buildSettings = {
				ASSETCATALOG_COMPILER_APPICON_NAME = AppIcon;
				INFOPLIST_FILE = Fortuna/Info.plist;
				LD_RUNPATH_SEARCH_PATHS = "$(inherited) @executable_path/Frameworks";
				PRODUCT_NAME = "$(TARGET_NAME)";
			};
			name = Release;
		};
		F8DCDE8A19F3E87C003AC85B /* Debug */ = {
			isa = XCBuildConfiguration;
			buildSettings = {
				BUNDLE_LOADER = "$(TEST_HOST)";
				FRAMEWORK_SEARCH_PATHS = (
					"$(SDKROOT)/Developer/Library/Frameworks",
					"$(inherited)",
				);
				GCC_PREPROCESSOR_DEFINITIONS = (
					"DEBUG=1",
					"$(inherited)",
				);
				INFOPLIST_FILE = FortunaTests/Info.plist;
				LD_RUNPATH_SEARCH_PATHS = "$(inherited) @executable_path/Frameworks @loader_path/Frameworks";
				PRODUCT_NAME = "$(TARGET_NAME)";
				TEST_HOST = "$(BUILT_PRODUCTS_DIR)/Fortuna.app/Fortuna";
			};
			name = Debug;
		};
		F8DCDE8B19F3E87C003AC85B /* Release */ = {
			isa = XCBuildConfiguration;
			buildSettings = {
				BUNDLE_LOADER = "$(TEST_HOST)";
				FRAMEWORK_SEARCH_PATHS = (
					"$(SDKROOT)/Developer/Library/Frameworks",
					"$(inherited)",
				);
				INFOPLIST_FILE = FortunaTests/Info.plist;
				LD_RUNPATH_SEARCH_PATHS = "$(inherited) @executable_path/Frameworks @loader_path/Frameworks";
				PRODUCT_NAME = "$(TARGET_NAME)";
				TEST_HOST = "$(BUILT_PRODUCTS_DIR)/Fortuna.app/Fortuna";
			};
			name = Release;
		};
/* End XCBuildConfiguration section */

/* Begin XCConfigurationList section */
		F8DCDE6219F3E87C003AC85B /* Build configuration list for PBXProject "Fortuna" */ = {
			isa = XCConfigurationList;
			buildConfigurations = (
				F8DCDE8419F3E87C003AC85B /* Debug */,
				F8DCDE8519F3E87C003AC85B /* Release */,
			);
			defaultConfigurationIsVisible = 0;
			defaultConfigurationName = Release;
		};
		F8DCDE8619F3E87C003AC85B /* Build configuration list for PBXNativeTarget "Fortuna" */ = {
			isa = XCConfigurationList;
			buildConfigurations = (
				F8DCDE8719F3E87C003AC85B /* Debug */,
				F8DCDE8819F3E87C003AC85B /* Release */,
			);
			defaultConfigurationIsVisible = 0;
		};
		F8DCDE8919F3E87C003AC85B /* Build configuration list for PBXNativeTarget "FortunaTests" */ = {
			isa = XCConfigurationList;
			buildConfigurations = (
				F8DCDE8A19F3E87C003AC85B /* Debug */,
				F8DCDE8B19F3E87C003AC85B /* Release */,
			);
			defaultConfigurationIsVisible = 0;
		};
/* End XCConfigurationList section */
	};
	rootObject = F8DCDE5F19F3E87C003AC85B /* Project object */;
}
